
Microsoft Visual Studio Solution File, Format Version 12.00
# Visual Studio Version 17
VisualStudioVersion = 17.3.32804.467
MinimumVisualStudioVersion = 10.0.40219.1
Project("{FAE04EC0-301F-11D3-BF4B-00C04F79EFBC}") = "Middleware and Request Pipeline", "Middleware and Request Pipeline\Middleware and Request Pipeline.csproj", "{112CDF99-A561-4EEF-8AB5-32CBD9D109A6}"
EndProject
Project("{FAE04EC0-301F-11D3-BF4B-00C04F79EFBC}") = "Routing", "Routing\Routing.csproj", "{70FEF9DD-E6FF-4777-92E5-EFEA187195C1}"
EndProject
Project("{FAE04EC0-301F-11D3-BF4B-00C04F79EFBC}") = "View", "View\View.csproj", "{61440BDA-1AC7-4A62-9C3C-1DA1BB4B2375}"
EndProject
Project("{FAE04EC0-301F-11D3-BF4B-00C04F79EFBC}") = "HTML Helpers", "HTML Helpers\HTML Helpers.csproj", "{0709A72A-4448-442F-B089-F66FADA5F996}"
EndProject
Project("{FAE04EC0-301F-11D3-BF4B-00C04F79EFBC}") = "Model Binding", "Model Binding\Model Binding.csproj", "{295DCDAF-0099-4D0C-99CA-FA6680038651}"
EndProject
Global
	GlobalSection(SolutionConfigurationPlatforms) = preSolution
		Debug|Any CPU = Debug|Any CPU
		Release|Any CPU = Release|Any CPU
	EndGlobalSection
	GlobalSection(ProjectConfigurationPlatforms) = postSolution
		{112CDF99-A561-4EEF-8AB5-32CBD9D109A6}.Debug|Any CPU.ActiveCfg = Debug|Any CPU
		{112CDF99-A561-4EEF-8AB5-32CBD9D109A6}.Debug|Any CPU.Build.0 = Debug|Any CPU
		{112CDF99-A561-4EEF-8AB5-32CBD9D109A6}.Release|Any CPU.ActiveCfg = Release|Any CPU
		{112CDF99-A561-4EEF-8AB5-32CBD9D109A6}.Release|Any CPU.Build.0 = Release|Any CPU
		{70FEF9DD-E6FF-4777-92E5-EFEA187195C1}.Debug|Any CPU.ActiveCfg = Debug|Any CPU
		{70FEF9DD-E6FF-4777-92E5-EFEA187195C1}.Debug|Any CPU.Build.0 = Debug|Any CPU
		{70FEF9DD-E6FF-4777-92E5-EFEA187195C1}.Release|Any CPU.ActiveCfg = Release|Any CPU
		{70FEF9DD-E6FF-4777-92E5-EFEA187195C1}.Release|Any CPU.Build.0 = Release|Any CPU
		{61440BDA-1AC7-4A62-9C3C-1DA1BB4B2375}.Debug|Any CPU.ActiveCfg = Debug|Any CPU
		{61440BDA-1AC7-4A62-9C3C-1DA1BB4B2375}.Debug|Any CPU.Build.0 = Debug|Any CPU
		{61440BDA-1AC7-4A62-9C3C-1DA1BB4B2375}.Release|Any CPU.ActiveCfg = Release|Any CPU
		{61440BDA-1AC7-4A62-9C3C-1DA1BB4B2375}.Release|Any CPU.Build.0 = Release|Any CPU
		{0709A72A-4448-442F-B089-F66FADA5F996}.Debug|Any CPU.ActiveCfg = Debug|Any CPU
		{0709A72A-4448-442F-B089-F66FADA5F996}.Debug|Any CPU.Build.0 = Debug|Any CPU
		{0709A72A-4448-442F-B089-F66FADA5F996}.Release|Any CPU.ActiveCfg = Release|Any CPU
		{0709A72A-4448-442F-B089-F66FADA5F996}.Release|Any CPU.Build.0 = Release|Any CPU
		{295DCDAF-0099-4D0C-99CA-FA6680038651}.Debug|Any CPU.ActiveCfg = Debug|Any CPU
		{295DCDAF-0099-4D0C-99CA-FA6680038651}.Debug|Any CPU.Build.0 = Debug|Any CPU
		{295DCDAF-0099-4D0C-99CA-FA6680038651}.Release|Any CPU.ActiveCfg = Release|Any CPU
		{295DCDAF-0099-4D0C-99CA-FA6680038651}.Release|Any CPU.Build.0 = Release|Any CPU
	EndGlobalSection
	GlobalSection(SolutionProperties) = preSolution
		HideSolutionNode = FALSE
	EndGlobalSection
	GlobalSection(ExtensibilityGlobals) = postSolution
		SolutionGuid = {42A3C9EC-CC53-4037-89BA-79F820968323}
	EndGlobalSection
EndGlobal
